
Microsoft Visual Studio Solution File, Format Version 12.00
# Visual Studio Version 17
VisualStudioVersion = 17.3.32929.385
MinimumVisualStudioVersion = 10.0.40219.1
Project("{FAE04EC0-301F-11D3-BF4B-00C04F79EFBC}") = "TARge21House", "TARge21House\TARge21House.csproj", "{95B35194-3302-4232-AA47-884AECD4FD60}"
EndProject
Project("{FAE04EC0-301F-11D3-BF4B-00C04F79EFBC}") = "TARge21House.ApplicationServices", "TARge21House.ApplicationServices\TARge21House.ApplicationServices.csproj", "{ECCE3CD7-4D79-4BD6-B1A0-AB15B16AA60C}"
EndProject
Project("{FAE04EC0-301F-11D3-BF4B-00C04F79EFBC}") = "TARge21House.Core", "TARge21House.Core\TARge21House.Core.csproj", "{221C75C5-E760-43E7-AF47-3B42EAFEE9D2}"
EndProject
Project("{FAE04EC0-301F-11D3-BF4B-00C04F79EFBC}") = "TARge21House.Data", "TARge21House.Data\TARge21House.Data.csproj", "{7CD8A35C-2964-45AD-9499-A0B8DAF40672}"
EndProject
Global
	GlobalSection(SolutionConfigurationPlatforms) = preSolution
		Debug|Any CPU = Debug|Any CPU
		Release|Any CPU = Release|Any CPU
	EndGlobalSection
	GlobalSection(ProjectConfigurationPlatforms) = postSolution
		{95B35194-3302-4232-AA47-884AECD4FD60}.Debug|Any CPU.ActiveCfg = Debug|Any CPU
		{95B35194-3302-4232-AA47-884AECD4FD60}.Debug|Any CPU.Build.0 = Debug|Any CPU
		{95B35194-3302-4232-AA47-884AECD4FD60}.Release|Any CPU.ActiveCfg = Release|Any CPU
		{95B35194-3302-4232-AA47-884AECD4FD60}.Release|Any CPU.Build.0 = Release|Any CPU
		{ECCE3CD7-4D79-4BD6-B1A0-AB15B16AA60C}.Debug|Any CPU.ActiveCfg = Debug|Any CPU
		{ECCE3CD7-4D79-4BD6-B1A0-AB15B16AA60C}.Debug|Any CPU.Build.0 = Debug|Any CPU
		{ECCE3CD7-4D79-4BD6-B1A0-AB15B16AA60C}.Release|Any CPU.ActiveCfg = Release|Any CPU
		{ECCE3CD7-4D79-4BD6-B1A0-AB15B16AA60C}.Release|Any CPU.Build.0 = Release|Any CPU
		{221C75C5-E760-43E7-AF47-3B42EAFEE9D2}.Debug|Any CPU.ActiveCfg = Debug|Any CPU
		{221C75C5-E760-43E7-AF47-3B42EAFEE9D2}.Debug|Any CPU.Build.0 = Debug|Any CPU
		{221C75C5-E760-43E7-AF47-3B42EAFEE9D2}.Release|Any CPU.ActiveCfg = Release|Any CPU
		{221C75C5-E760-43E7-AF47-3B42EAFEE9D2}.Release|Any CPU.Build.0 = Release|Any CPU
		{7CD8A35C-2964-45AD-9499-A0B8DAF40672}.Debug|Any CPU.ActiveCfg = Debug|Any CPU
		{7CD8A35C-2964-45AD-9499-A0B8DAF40672}.Debug|Any CPU.Build.0 = Debug|Any CPU
		{7CD8A35C-2964-45AD-9499-A0B8DAF40672}.Release|Any CPU.ActiveCfg = Release|Any CPU
		{7CD8A35C-2964-45AD-9499-A0B8DAF40672}.Release|Any CPU.Build.0 = Release|Any CPU
	EndGlobalSection
	GlobalSection(SolutionProperties) = preSolution
		HideSolutionNode = FALSE
	EndGlobalSection
	GlobalSection(ExtensibilityGlobals) = postSolution
		SolutionGuid = {5336E9F6-8EF3-4178-9D9C-40CAF22C7A7C}
	EndGlobalSection
EndGlobal
